
Microsoft Visual Studio Solution File, Format Version 12.00
# Visual Studio Version 17
VisualStudioVersion = 17.8.34309.116
MinimumVisualStudioVersion = 10.0.40219.1
Project("{FAE04EC0-301F-11D3-BF4B-00C04F79EFBC}") = "WinFormsApp1", "WinFormsApp1\WinFormsApp1.csproj", "{727C3529-C6AE-4130-898D-2ECD853F26FD}"
EndProject
Global
	GlobalSection(SolutionConfigurationPlatforms) = preSolution
		Debug|Any CPU = Debug|Any CPU
		Release|Any CPU = Release|Any CPU
	EndGlobalSection
	GlobalSection(ProjectConfigurationPlatforms) = postSolution
		{727C3529-C6AE-4130-898D-2ECD853F26FD}.Debug|Any CPU.ActiveCfg = Debug|Any CPU
		{727C3529-C6AE-4130-898D-2ECD853F26FD}.Debug|Any CPU.Build.0 = Debug|Any CPU
		{727C3529-C6AE-4130-898D-2ECD853F26FD}.Release|Any CPU.ActiveCfg = Release|Any CPU
		{727C3529-C6AE-4130-898D-2ECD853F26FD}.Release|Any CPU.Build.0 = Release|Any CPU
	EndGlobalSection
	GlobalSection(SolutionProperties) = preSolution
		HideSolutionNode = FALSE
	EndGlobalSection
	GlobalSection(ExtensibilityGlobals) = postSolution
		SolutionGuid = {4B76808B-B280-4409-ACD1-D0CB0BBEC8A2}
	EndGlobalSection
EndGlobal
